
Microsoft Visual Studio Solution File, Format Version 12.00
# Visual Studio Version 16
VisualStudioVersion = 16.0.28803.156
MinimumVisualStudioVersion = 10.0.40219.1
Project("{FAE04EC0-301F-11D3-BF4B-00C04F79EFBC}") = "CustomKart", "CustomKart\CustomKart.csproj", "{EE6B53E6-4C42-4859-989B-E2EEC13BF59C}"
EndProject
Global
	GlobalSection(SolutionConfigurationPlatforms) = preSolution
		Debug|Any CPU = Debug|Any CPU
		Release|Any CPU = Release|Any CPU
	EndGlobalSection
	GlobalSection(ProjectConfigurationPlatforms) = postSolution
		{EE6B53E6-4C42-4859-989B-E2EEC13BF59C}.Debug|Any CPU.ActiveCfg = Debug|Any CPU
		{EE6B53E6-4C42-4859-989B-E2EEC13BF59C}.Debug|Any CPU.Build.0 = Debug|Any CPU
		{EE6B53E6-4C42-4859-989B-E2EEC13BF59C}.Release|Any CPU.ActiveCfg = Release|Any CPU
		{EE6B53E6-4C42-4859-989B-E2EEC13BF59C}.Release|Any CPU.Build.0 = Release|Any CPU
	EndGlobalSection
	GlobalSection(SolutionProperties) = preSolution
		HideSolutionNode = FALSE
	EndGlobalSection
	GlobalSection(ExtensibilityGlobals) = postSolution
		SolutionGuid = {49951FD9-1487-43EF-939E-4ABD5282E4D8}
	EndGlobalSection
EndGlobal
